{
    "_meta": {
        "hash": {
            "sha256": "97891f4b16f9e945de007fdfa25ce829382fd913f5ebc4b58f541db7b5f112d1"
        },
        "host-environment-markers": {
            "implementation_name": "cpython",
            "implementation_version": "3.6.4",
            "os_name": "posix",
            "platform_machine": "x86_64",
            "platform_python_implementation": "CPython",
            "platform_release": "4.15.9-1-ARCH",
            "platform_system": "Linux",
            "platform_version": "#1 SMP PREEMPT Sun Mar 11 17:54:33 UTC 2018",
            "python_full_version": "3.6.4",
            "python_version": "3.6",
            "sys_platform": "linux"
        },
        "pipfile-spec": 6,
        "requires": {
            "python_version": "3.6"
        },
        "sources": [
            {
                "name": "pypi",
                "url": "https://pypi.python.org/simple",
                "verify_ssl": true
            }
        ]
    },
    "default": {
        "069be8f": {
            "path": "/home/alex/Projects/topos-preview/topos"
        }
    },
    "develop": {}
}
